<?xml version="1.0" encoding="utf-8"?>
<Project ToolsVersion="4.0" xmlns="http://schemas.microsoft.com/developer/msbuild/2003">
  <ItemGroup>
    <Filter Include="examples">
      <UniqueIdentifier>{776544EB-E720-5A3E-9FC3-631D908C5AB5}</UniqueIdentifier>
    </Filter>
  </ItemGroup>
  <ItemGroup>
    <ClCompile Include="..\..\examples\example3.cpp">
      <Filter>examples</Filter>
    </ClCompile>
  </ItemGroup>
</Project>