<?xml version="1.0" encoding="utf-8"?>
<Project ToolsVersion="4.0" xmlns="http://schemas.microsoft.com/developer/msbuild/2003">
  <ItemGroup>
    <Filter Include="examples">
      <UniqueIdentifier>{00B21FE0-141A-5CAE-BAC7-E062F38F3787}</UniqueIdentifier>
    </Filter>
  </ItemGroup>
  <ItemGroup>
    <ClCompile Include="..\..\examples\example1.cpp">
      <Filter>examples</Filter>
    </ClCompile>
  </ItemGroup>
</Project>