Microsoft Visual Studio Solution File, Format Version 12.00
# Visual Studio version 16
Project("{8BC9CEB8-8B4A-11D0-8D11-00A0C91BC942}") = "jaba", "buildsystem\vs2022\jaba.vcxproj", "{C85C20A3-89F0-53BD-9956-BF57F139D999}"
EndProject
Project("{8BC9CEB8-8B4A-11D0-8D11-00A0C91BC942}") = "mrubygems", "buildsystem\vs2022\mrubygems.vcxproj", "{16DD6201-8490-5538-9AB9-68A9D0E955DF}"
EndProject
Project("{8BC9CEB8-8B4A-11D0-8D11-00A0C91BC942}") = "jrfcore", "buildsystem\vs2022\jrfcore.vcxproj", "{B90AF9B8-2557-50CD-BFC8-211368CBCDF4}"
EndProject
Project("{8BC9CEB8-8B4A-11D0-8D11-00A0C91BC942}") = "jrfjaba", "buildsystem\vs2022\jrfjaba.vcxproj", "{BCA96870-BFE9-5429-A3A2-BEC6F83C1185}"
EndProject
Global
	GlobalSection(SolutionConfigurationPlatforms) = preSolution
		Debug|x64 = Debug|x64
		Release|x64 = Release|x64
	EndGlobalSection
	GlobalSection(ProjectConfigurationPlatforms) = postSolution
		{C85C20A3-89F0-53BD-9956-BF57F139D999}.Debug|x64.ActiveCfg = Debug|x64
		{C85C20A3-89F0-53BD-9956-BF57F139D999}.Debug|x64.Build.0 = Debug|x64
		{C85C20A3-89F0-53BD-9956-BF57F139D999}.Release|x64.ActiveCfg = Release|x64
		{C85C20A3-89F0-53BD-9956-BF57F139D999}.Release|x64.Build.0 = Release|x64
		{16DD6201-8490-5538-9AB9-68A9D0E955DF}.Debug|x64.ActiveCfg = Debug|x64
		{16DD6201-8490-5538-9AB9-68A9D0E955DF}.Debug|x64.Build.0 = Debug|x64
		{16DD6201-8490-5538-9AB9-68A9D0E955DF}.Release|x64.ActiveCfg = Release|x64
		{16DD6201-8490-5538-9AB9-68A9D0E955DF}.Release|x64.Build.0 = Release|x64
		{B90AF9B8-2557-50CD-BFC8-211368CBCDF4}.Debug|x64.ActiveCfg = Debug|x64
		{B90AF9B8-2557-50CD-BFC8-211368CBCDF4}.Debug|x64.Build.0 = Debug|x64
		{B90AF9B8-2557-50CD-BFC8-211368CBCDF4}.Release|x64.ActiveCfg = Release|x64
		{B90AF9B8-2557-50CD-BFC8-211368CBCDF4}.Release|x64.Build.0 = Release|x64
		{BCA96870-BFE9-5429-A3A2-BEC6F83C1185}.Debug|x64.ActiveCfg = Debug|x64
		{BCA96870-BFE9-5429-A3A2-BEC6F83C1185}.Debug|x64.Build.0 = Debug|x64
		{BCA96870-BFE9-5429-A3A2-BEC6F83C1185}.Release|x64.ActiveCfg = Release|x64
		{BCA96870-BFE9-5429-A3A2-BEC6F83C1185}.Release|x64.Build.0 = Release|x64
	EndGlobalSection
	GlobalSection(SolutionProperties) = preSolution
		HideSolutionNode = FALSE
	EndGlobalSection
EndGlobal
