Microsoft Visual Studio Solution File, Format Version 12.00
# Visual Studio version 16
Project("{8BC9CEB8-8B4A-11D0-8D11-00A0C91BC942}") = "AppWithStaticOrDynamicLib", "AppWithStaticOrDynamicLib.vcxproj", "{DB17D2B7-6C72-586F-B924-8577ECB848F5}"
EndProject
Project("{8BC9CEB8-8B4A-11D0-8D11-00A0C91BC942}") = "StaticOrDynamicLib", "StaticOrDynamicLib.vcxproj", "{B4DFCF3F-CDB8-5069-9EA4-F7A9DB44F9B1}"
EndProject
Global
	GlobalSection(SolutionConfigurationPlatforms) = preSolution
		Debug|x64 = Debug|x64
		Release|x64 = Release|x64
	EndGlobalSection
	GlobalSection(ProjectConfigurationPlatforms) = postSolution
		{DB17D2B7-6C72-586F-B924-8577ECB848F5}.Debug|x64.ActiveCfg = Debug|x64
		{DB17D2B7-6C72-586F-B924-8577ECB848F5}.Debug|x64.Build.0 = Debug|x64
		{DB17D2B7-6C72-586F-B924-8577ECB848F5}.Release|x64.ActiveCfg = Release|x64
		{DB17D2B7-6C72-586F-B924-8577ECB848F5}.Release|x64.Build.0 = Release|x64
		{B4DFCF3F-CDB8-5069-9EA4-F7A9DB44F9B1}.Debug|x64.ActiveCfg = Debug|x64
		{B4DFCF3F-CDB8-5069-9EA4-F7A9DB44F9B1}.Debug|x64.Build.0 = Debug|x64
		{B4DFCF3F-CDB8-5069-9EA4-F7A9DB44F9B1}.Release|x64.ActiveCfg = Release|x64
		{B4DFCF3F-CDB8-5069-9EA4-F7A9DB44F9B1}.Release|x64.Build.0 = Release|x64
	EndGlobalSection
	GlobalSection(SolutionProperties) = preSolution
		HideSolutionNode = FALSE
	EndGlobalSection
EndGlobal
