<?xml version="1.0" encoding="utf-8"?>
<Project ToolsVersion="4.0" xmlns="http://schemas.microsoft.com/developer/msbuild/2003">
  <ItemGroup>
    <Filter Include="include\BasicDynamicLib">
      <UniqueIdentifier>{09400305-A43D-5E83-8321-537BCAD35707}</UniqueIdentifier>
    </Filter>
    <Filter Include="include">
      <UniqueIdentifier>{C57306A2-A788-597C-87C5-3BDD9FF4C5BA}</UniqueIdentifier>
    </Filter>
    <Filter Include="src">
      <UniqueIdentifier>{C4260EC3-02FE-56B5-8EDC-41257B8ECC9D}</UniqueIdentifier>
    </Filter>
  </ItemGroup>
  <ItemGroup>
    <ClInclude Include="..\..\..\03-basic_dynamic_lib\include\BasicDynamicLib\BasicDynamicLib.h">
      <Filter>include\BasicDynamicLib</Filter>
    </ClInclude>
    <ClCompile Include="..\..\..\03-basic_dynamic_lib\src\BasicDynamicLib.cpp">
      <Filter>src</Filter>
    </ClCompile>
  </ItemGroup>
</Project>