Microsoft Visual Studio Solution File, Format Version 12.00
# Visual Studio version 16
Project("{8BC9CEB8-8B4A-11D0-8D11-00A0C91BC942}") = "BasicApp", "BasicApp.vcxproj", "{9A89DF9C-BBA0-503A-B0EF-69C023DFE619}"
EndProject
Project("{8BC9CEB8-8B4A-11D0-8D11-00A0C91BC942}") = "BasicLib", "BasicLib.vcxproj", "{72A8EC2C-C2F6-55A1-91D0-3D786BE1F53D}"
EndProject
Global
	GlobalSection(SolutionConfigurationPlatforms) = preSolution
		Debug|Win32 = Debug|Win32
		Release|Win32 = Release|Win32
	EndGlobalSection
	GlobalSection(ProjectConfigurationPlatforms) = postSolution
		{9A89DF9C-BBA0-503A-B0EF-69C023DFE619}.Debug|Win32.ActiveCfg = Debug|Win32
		{9A89DF9C-BBA0-503A-B0EF-69C023DFE619}.Debug|Win32.Build.0 = Debug|Win32
		{9A89DF9C-BBA0-503A-B0EF-69C023DFE619}.Debug|x64.ActiveCfg = Debug|x64
		{9A89DF9C-BBA0-503A-B0EF-69C023DFE619}.Debug|x64.Build.0 = Debug|x64
		{9A89DF9C-BBA0-503A-B0EF-69C023DFE619}.Release|Win32.ActiveCfg = Release|Win32
		{9A89DF9C-BBA0-503A-B0EF-69C023DFE619}.Release|Win32.Build.0 = Release|Win32
		{9A89DF9C-BBA0-503A-B0EF-69C023DFE619}.Release|x64.ActiveCfg = Release|x64
		{9A89DF9C-BBA0-503A-B0EF-69C023DFE619}.Release|x64.Build.0 = Release|x64
		{72A8EC2C-C2F6-55A1-91D0-3D786BE1F53D}.Debug|Win32.ActiveCfg = Debug|Win32
		{72A8EC2C-C2F6-55A1-91D0-3D786BE1F53D}.Debug|Win32.Build.0 = Debug|Win32
		{72A8EC2C-C2F6-55A1-91D0-3D786BE1F53D}.Debug|x64.ActiveCfg = Debug|x64
		{72A8EC2C-C2F6-55A1-91D0-3D786BE1F53D}.Debug|x64.Build.0 = Debug|x64
		{72A8EC2C-C2F6-55A1-91D0-3D786BE1F53D}.Release|Win32.ActiveCfg = Release|Win32
		{72A8EC2C-C2F6-55A1-91D0-3D786BE1F53D}.Release|Win32.Build.0 = Release|Win32
		{72A8EC2C-C2F6-55A1-91D0-3D786BE1F53D}.Release|x64.ActiveCfg = Release|x64
		{72A8EC2C-C2F6-55A1-91D0-3D786BE1F53D}.Release|x64.Build.0 = Release|x64
	EndGlobalSection
	GlobalSection(SolutionProperties) = preSolution
		HideSolutionNode = FALSE
	EndGlobalSection
EndGlobal
