<?xml version="1.0" encoding="utf-8"?>
<Project ToolsVersion="4.0" xmlns="http://schemas.microsoft.com/developer/msbuild/2003">
  <ItemGroup>
    <Filter Include="include\ExampleLib">
      <UniqueIdentifier>{3591F89E-C6ED-516B-8AC7-6DFFA92C6F8C}</UniqueIdentifier>
    </Filter>
    <Filter Include="include">
      <UniqueIdentifier>{0D91A57B-235E-5F36-98D7-A5AC4491F864}</UniqueIdentifier>
    </Filter>
    <Filter Include="src">
      <UniqueIdentifier>{1105D091-26F3-5092-8D5A-F3C7623AA892}</UniqueIdentifier>
    </Filter>
  </ItemGroup>
  <ItemGroup>
    <ClInclude Include="..\..\..\example_src\ExampleLib\include\ExampleLib\ExampleLib.h">
      <Filter>include\ExampleLib</Filter>
    </ClInclude>
    <ClCompile Include="..\..\..\example_src\ExampleLib\src\ExampleLib.cpp">
      <Filter>src</Filter>
    </ClCompile>
  </ItemGroup>
</Project>