Microsoft Visual Studio Solution File, Format Version 12.00
# Visual Studio version 16
Project("{8BC9CEB8-8B4A-11D0-8D11-00A0C91BC942}") = "MyApp", "MyApp.vcxproj", "{88ED35B9-F87F-55D9-A551-61C4953F0ABB}"
EndProject
Global
	GlobalSection(SolutionConfigurationPlatforms) = preSolution
		Debug|Win32 = Debug|Win32
		Release|Win32 = Release|Win32
	EndGlobalSection
	GlobalSection(ProjectConfigurationPlatforms) = postSolution
		{88ED35B9-F87F-55D9-A551-61C4953F0ABB}.Debug|Win32.ActiveCfg = Debug|Win32
		{88ED35B9-F87F-55D9-A551-61C4953F0ABB}.Debug|Win32.Build.0 = Debug|Win32
		{88ED35B9-F87F-55D9-A551-61C4953F0ABB}.Release|Win32.ActiveCfg = Release|Win32
		{88ED35B9-F87F-55D9-A551-61C4953F0ABB}.Release|Win32.Build.0 = Release|Win32
		{88ED35B9-F87F-55D9-A551-61C4953F0ABB}.Debug|x64.ActiveCfg = Debug|x64
		{88ED35B9-F87F-55D9-A551-61C4953F0ABB}.Debug|x64.Build.0 = Debug|x64
		{88ED35B9-F87F-55D9-A551-61C4953F0ABB}.Release|x64.ActiveCfg = Release|x64
		{88ED35B9-F87F-55D9-A551-61C4953F0ABB}.Release|x64.Build.0 = Release|x64
	EndGlobalSection
	GlobalSection(SolutionProperties) = preSolution
		HideSolutionNode = FALSE
	EndGlobalSection
EndGlobal
