<?xml version="1.0" encoding="utf-8"?>
<Project ToolsVersion="4.0" xmlns="http://schemas.microsoft.com/developer/msbuild/2003">
  <ItemGroup>
    <Filter Include="include\ExampleLib">
      <UniqueIdentifier>{92487F29-5774-5DEB-A2D4-19DF8A9CF46A}</UniqueIdentifier>
    </Filter>
    <Filter Include="include">
      <UniqueIdentifier>{B4120857-C0C6-5FC0-97F4-20ACB3A69293}</UniqueIdentifier>
    </Filter>
    <Filter Include="src">
      <UniqueIdentifier>{57C15E07-BA9B-5F82-86D7-8A97CF2BC24D}</UniqueIdentifier>
    </Filter>
  </ItemGroup>
  <ItemGroup>
    <ClInclude Include="..\..\..\example_src\ExampleLib\include\ExampleLib\ExampleLib.h">
      <Filter>include\ExampleLib</Filter>
    </ClInclude>
    <ClCompile Include="..\..\..\example_src\ExampleLib\src\ExampleLib.cpp">
      <Filter>src</Filter>
    </ClCompile>
  </ItemGroup>
</Project>