<?xml version="1.0" encoding="utf-8"?>
<Project ToolsVersion="4.0" xmlns="http://schemas.microsoft.com/developer/msbuild/2003">
  <ItemGroup>
    <Filter Include="include\ExampleDll">
      <UniqueIdentifier>{85F239DA-4615-53AF-907D-78334BFF3C4B}</UniqueIdentifier>
    </Filter>
    <Filter Include="include">
      <UniqueIdentifier>{0FD8CED6-94F6-50E7-9CF3-59CB793F44AA}</UniqueIdentifier>
    </Filter>
    <Filter Include="src">
      <UniqueIdentifier>{4ACAB708-28F9-5099-9AA3-58478B98D702}</UniqueIdentifier>
    </Filter>
  </ItemGroup>
  <ItemGroup>
    <ClInclude Include="..\..\..\example_src\ExampleDll\include\ExampleDll\ExampleDll.h">
      <Filter>include\ExampleDll</Filter>
    </ClInclude>
    <ClCompile Include="..\..\..\example_src\ExampleDll\src\ExampleDll.cpp">
      <Filter>src</Filter>
    </ClCompile>
  </ItemGroup>
</Project>