Microsoft Visual Studio Solution File, Format Version 12.00
# Visual Studio version 16
Project("{8BC9CEB8-8B4A-11D0-8D11-00A0C91BC942}") = "AppWithDependencies", "AppWithDependencies.vcxproj", "{81988EB9-805B-59D1-B218-50C46D06C712}"
EndProject
Project("{8BC9CEB8-8B4A-11D0-8D11-00A0C91BC942}") = "ThirdPartyLib", "ThirdPartyLib.vcxproj", "{A8C2931B-5A64-5967-9612-3D3CCE62B0A6}"
EndProject
Project("{8BC9CEB8-8B4A-11D0-8D11-00A0C91BC942}") = "BasicDynamicLib", "BasicDynamicLib.vcxproj", "{B1DE1C0C-E5D6-5148-9963-6858C661EFD5}"
EndProject
Project("{8BC9CEB8-8B4A-11D0-8D11-00A0C91BC942}") = "BasicStaticLib", "BasicStaticLib.vcxproj", "{BA635332-9857-511F-BF0A-D242BFA20F1A}"
EndProject
Global
	GlobalSection(SolutionConfigurationPlatforms) = preSolution
		Debug|x64 = Debug|x64
		Release|x64 = Release|x64
	EndGlobalSection
	GlobalSection(ProjectConfigurationPlatforms) = postSolution
		{81988EB9-805B-59D1-B218-50C46D06C712}.Debug|x64.ActiveCfg = Debug|x64
		{81988EB9-805B-59D1-B218-50C46D06C712}.Debug|x64.Build.0 = Debug|x64
		{81988EB9-805B-59D1-B218-50C46D06C712}.Release|x64.ActiveCfg = Release|x64
		{81988EB9-805B-59D1-B218-50C46D06C712}.Release|x64.Build.0 = Release|x64
		{A8C2931B-5A64-5967-9612-3D3CCE62B0A6}.Debug|x64.ActiveCfg = Debug|x64
		{A8C2931B-5A64-5967-9612-3D3CCE62B0A6}.Debug|x64.Build.0 = Debug|x64
		{A8C2931B-5A64-5967-9612-3D3CCE62B0A6}.Release|x64.ActiveCfg = Release|x64
		{A8C2931B-5A64-5967-9612-3D3CCE62B0A6}.Release|x64.Build.0 = Release|x64
		{B1DE1C0C-E5D6-5148-9963-6858C661EFD5}.Debug|x64.ActiveCfg = Debug|x64
		{B1DE1C0C-E5D6-5148-9963-6858C661EFD5}.Debug|x64.Build.0 = Debug|x64
		{B1DE1C0C-E5D6-5148-9963-6858C661EFD5}.Release|x64.ActiveCfg = Release|x64
		{B1DE1C0C-E5D6-5148-9963-6858C661EFD5}.Release|x64.Build.0 = Release|x64
		{BA635332-9857-511F-BF0A-D242BFA20F1A}.Debug|x64.ActiveCfg = Debug|x64
		{BA635332-9857-511F-BF0A-D242BFA20F1A}.Debug|x64.Build.0 = Debug|x64
		{BA635332-9857-511F-BF0A-D242BFA20F1A}.Release|x64.ActiveCfg = Release|x64
		{BA635332-9857-511F-BF0A-D242BFA20F1A}.Release|x64.Build.0 = Release|x64
	EndGlobalSection
	GlobalSection(SolutionProperties) = preSolution
		HideSolutionNode = FALSE
	EndGlobalSection
EndGlobal
